<?xml version="1.0" encoding="utf-8"?>
<Project ToolsVersion="4.0" xmlns="http://schemas.microsoft.com/developer/msbuild/2003">
  <ItemGroup>
    <Filter Include="源文件">
      <UniqueIdentifier>{4FC737F1-C7A5-4376-A066-2A32D752A2FF}</UniqueIdentifier>
      <Extensions>cpp;c;cc;cxx;def;odl;idl;hpj;bat;asm;asmx</Extensions>
    </Filter>
    <Filter Include="头文件">
      <UniqueIdentifier>{93995380-89BD-4b04-88EB-625FBE52EBFB}</UniqueIdentifier>
      <Extensions>h;hh;hpp;hxx;hm;inl;inc;ipp;xsd</Extensions>
    </Filter>
    <Filter Include="资源文件">
      <UniqueIdentifier>{67DA6AB6-F800-4c08-8B7A-83BB121AAD01}</UniqueIdentifier>
      <Extensions>rc;ico;cur;bmp;dlg;rc2;rct;bin;rgs;gif;jpg;jpeg;jpe;resx;tiff;tif;png;wav;mfcribbon-ms</Extensions>
    </Filter>
    <Filter Include="头文件\src">
      <UniqueIdentifier>{83cb80d3-de61-4069-80cd-2e5ea5c4e51b}</UniqueIdentifier>
    </Filter>
  </ItemGroup>
  <ItemGroup>
    <ClCompile Include="accel_struct.cpp">
      <Filter>源文件</Filter>
    </ClCompile>
    <ClCompile Include="brdf.cpp">
      <Filter>源文件</Filter>
    </ClCompile>
    <ClCompile Include="camera.cpp">
      <Filter>源文件</Filter>
    </ClCompile>
    <ClCompile Include="geometry.cpp">
      <Filter>源文件</Filter>
    </ClCompile>
    <ClCompile Include="integrator.cpp">
      <Filter>源文件</Filter>
    </ClCompile>
    <ClCompile Include="light.cpp">
      <Filter>源文件</Filter>
    </ClCompile>
    <ClCompile Include="main.cpp">
      <Filter>源文件</Filter>
    </ClCompile>
    <ClCompile Include="objloader.cpp">
      <Filter>源文件</Filter>
    </ClCompile>
    <ClCompile Include="scene.cpp">
      <Filter>源文件</Filter>
    </ClCompile>
    <ClCompile Include="utils.cpp">
      <Filter>源文件</Filter>
    </ClCompile>
    <ClCompile Include="test.cpp">
      <Filter>源文件</Filter>
    </ClCompile>
    <ClCompile Include="Photon.cpp">
      <Filter>源文件</Filter>
    </ClCompile>
    <ClCompile Include="Photon_Map.cpp">
      <Filter>源文件</Filter>
    </ClCompile>
    <ClCompile Include="PhotonTracer.cpp">
      <Filter>源文件</Filter>
    </ClCompile>
    <ClCompile Include="PhotonMapper.cpp">
      <Filter>源文件</Filter>
    </ClCompile>
    <ClCompile Include="src\ANN.cpp">
      <Filter>头文件\src</Filter>
    </ClCompile>
    <ClCompile Include="src\bd_fix_rad_search.cpp">
      <Filter>头文件\src</Filter>
    </ClCompile>
    <ClCompile Include="src\bd_pr_search.cpp">
      <Filter>头文件\src</Filter>
    </ClCompile>
    <ClCompile Include="src\bd_search.cpp">
      <Filter>头文件\src</Filter>
    </ClCompile>
    <ClCompile Include="src\bd_tree.cpp">
      <Filter>头文件\src</Filter>
    </ClCompile>
    <ClCompile Include="src\brute.cpp">
      <Filter>头文件\src</Filter>
    </ClCompile>
    <ClCompile Include="src\kd_dump.cpp">
      <Filter>头文件\src</Filter>
    </ClCompile>
    <ClCompile Include="src\kd_fix_rad_search.cpp">
      <Filter>头文件\src</Filter>
    </ClCompile>
    <ClCompile Include="src\kd_pr_search.cpp">
      <Filter>头文件\src</Filter>
    </ClCompile>
    <ClCompile Include="src\kd_search.cpp">
      <Filter>头文件\src</Filter>
    </ClCompile>
    <ClCompile Include="src\kd_split.cpp">
      <Filter>头文件\src</Filter>
    </ClCompile>
    <ClCompile Include="src\kd_tree.cpp">
      <Filter>头文件\src</Filter>
    </ClCompile>
    <ClCompile Include="src\kd_util.cpp">
      <Filter>头文件\src</Filter>
    </ClCompile>
    <ClCompile Include="src\perf.cpp">
      <Filter>头文件\src</Filter>
    </ClCompile>
  </ItemGroup>
  <ItemGroup>
    <ClInclude Include="accel_struct.hpp">
      <Filter>头文件</Filter>
    </ClInclude>
    <ClInclude Include="brdf.hpp">
      <Filter>头文件</Filter>
    </ClInclude>
    <ClInclude Include="camera.hpp">
      <Filter>头文件</Filter>
    </ClInclude>
    <ClInclude Include="config.hpp">
      <Filter>头文件</Filter>
    </ClInclude>
    <ClInclude Include="constant.hpp">
      <Filter>头文件</Filter>
    </ClInclude>
    <ClInclude Include="film.hpp">
      <Filter>头文件</Filter>
    </ClInclude>
    <ClInclude Include="geometry.hpp">
      <Filter>头文件</Filter>
    </ClInclude>
    <ClInclude Include="integrator.hpp">
      <Filter>头文件</Filter>
    </ClInclude>
    <ClInclude Include="interaction.hpp">
      <Filter>头文件</Filter>
    </ClInclude>
    <ClInclude Include="light.hpp">
      <Filter>头文件</Filter>
    </ClInclude>
    <ClInclude Include="objloader.hpp">
      <Filter>头文件</Filter>
    </ClInclude>
    <ClInclude Include="ray.hpp">
      <Filter>头文件</Filter>
    </ClInclude>
    <ClInclude Include="scene.hpp">
      <Filter>头文件</Filter>
    </ClInclude>
    <ClInclude Include="utils.hpp">
      <Filter>头文件</Filter>
    </ClInclude>
    <ClInclude Include="progressbar.hpp">
      <Filter>头文件</Filter>
    </ClInclude>
    <ClInclude Include="stb_image_write.h">
      <Filter>头文件</Filter>
    </ClInclude>
    <ClInclude Include="tiny_obj_loader.hpp">
      <Filter>头文件</Filter>
    </ClInclude>
    <ClInclude Include="stb_image.h">
      <Filter>头文件</Filter>
    </ClInclude>
    <ClInclude Include="Photon.h">
      <Filter>头文件</Filter>
    </ClInclude>
    <ClInclude Include="Photon_Map.h">
      <Filter>头文件</Filter>
    </ClInclude>
    <ClInclude Include="PhotonTracer.h">
      <Filter>头文件</Filter>
    </ClInclude>
    <ClInclude Include="PhotonMapper.h">
      <Filter>头文件</Filter>
    </ClInclude>
    <ClInclude Include="src\bd_tree.h">
      <Filter>头文件\src</Filter>
    </ClInclude>
    <ClInclude Include="src\kd_fix_rad_search.h">
      <Filter>头文件\src</Filter>
    </ClInclude>
    <ClInclude Include="src\kd_pr_search.h">
      <Filter>头文件\src</Filter>
    </ClInclude>
    <ClInclude Include="src\kd_search.h">
      <Filter>头文件\src</Filter>
    </ClInclude>
    <ClInclude Include="src\kd_split.h">
      <Filter>头文件\src</Filter>
    </ClInclude>
    <ClInclude Include="src\kd_tree.h">
      <Filter>头文件\src</Filter>
    </ClInclude>
    <ClInclude Include="src\kd_util.h">
      <Filter>头文件\src</Filter>
    </ClInclude>
    <ClInclude Include="src\pr_queue.h">
      <Filter>头文件\src</Filter>
    </ClInclude>
    <ClInclude Include="src\pr_queue_k.h">
      <Filter>头文件\src</Filter>
    </ClInclude>
  </ItemGroup>
  <ItemGroup>
    <None Include="ANN.props" />
    <None Include="eigen.props" />
    <None Include="src\Makefile">
      <Filter>头文件\src</Filter>
    </None>
  </ItemGroup>
</Project>